
Microsoft Visual Studio Solution File, Format Version 12.00
# Visual Studio Version 16
VisualStudioVersion = 16.0.30128.36
MinimumVisualStudioVersion = 10.0.40219.1
Project("{FAE04EC0-301F-11D3-BF4B-00C04F79EFBC}") = "DataStructures", "DataStructures\DataStructures.csproj", "{643966E2-4F49-4B95-9DFC-D771B7D66307}"
EndProject
Project("{FAE04EC0-301F-11D3-BF4B-00C04F79EFBC}") = "DataStructures.Implementation", "DataStructures.Implementation\DataStructures.Implementation.csproj", "{2E89AA0D-BE7D-40E4-95C0-1FF653385E77}"
EndProject
Project("{2150E333-8FDC-42A3-9474-1A3956D46DE8}") = "Solution Items", "Solution Items", "{2399EAC4-BD28-4068-B6AC-5EBE6A8D86C2}"
	ProjectSection(SolutionItems) = preProject
		.editorconfig = .editorconfig
	EndProjectSection
EndProject
Project("{FAE04EC0-301F-11D3-BF4B-00C04F79EFBC}") = "DataStructures.ConsoleApp", "DataStructures.ConsoleApp\DataStructures.ConsoleApp.csproj", "{84EEF7F7-47BD-479E-B2CD-29777C016688}"
EndProject
Global
	GlobalSection(SolutionConfigurationPlatforms) = preSolution
		Debug|Any CPU = Debug|Any CPU
		Release|Any CPU = Release|Any CPU
	EndGlobalSection
	GlobalSection(ProjectConfigurationPlatforms) = postSolution
		{643966E2-4F49-4B95-9DFC-D771B7D66307}.Debug|Any CPU.ActiveCfg = Debug|Any CPU
		{643966E2-4F49-4B95-9DFC-D771B7D66307}.Debug|Any CPU.Build.0 = Debug|Any CPU
		{643966E2-4F49-4B95-9DFC-D771B7D66307}.Release|Any CPU.ActiveCfg = Release|Any CPU
		{643966E2-4F49-4B95-9DFC-D771B7D66307}.Release|Any CPU.Build.0 = Release|Any CPU
		{2E89AA0D-BE7D-40E4-95C0-1FF653385E77}.Debug|Any CPU.ActiveCfg = Debug|Any CPU
		{2E89AA0D-BE7D-40E4-95C0-1FF653385E77}.Debug|Any CPU.Build.0 = Debug|Any CPU
		{2E89AA0D-BE7D-40E4-95C0-1FF653385E77}.Release|Any CPU.ActiveCfg = Release|Any CPU
		{2E89AA0D-BE7D-40E4-95C0-1FF653385E77}.Release|Any CPU.Build.0 = Release|Any CPU
		{84EEF7F7-47BD-479E-B2CD-29777C016688}.Debug|Any CPU.ActiveCfg = Debug|Any CPU
		{84EEF7F7-47BD-479E-B2CD-29777C016688}.Debug|Any CPU.Build.0 = Debug|Any CPU
		{84EEF7F7-47BD-479E-B2CD-29777C016688}.Release|Any CPU.ActiveCfg = Release|Any CPU
		{84EEF7F7-47BD-479E-B2CD-29777C016688}.Release|Any CPU.Build.0 = Release|Any CPU
	EndGlobalSection
	GlobalSection(SolutionProperties) = preSolution
		HideSolutionNode = FALSE
	EndGlobalSection
	GlobalSection(ExtensibilityGlobals) = postSolution
		SolutionGuid = {B8FE32F7-05E2-44BB-8F45-E553E67985F1}
	EndGlobalSection
EndGlobal
